
Microsoft Visual Studio Solution File, Format Version 12.00
# Visual Studio Version 16
VisualStudioVersion = 16.0.30104.148
MinimumVisualStudioVersion = 10.0.40219.1
Project("{9A19103F-16F7-4668-BE54-9A1E7A4F7556}") = "MijnReizen.BLL", "MijnReizen.BLL\MijnReizen.BLL.csproj", "{1B5B0AF8-1588-47D7-A1F9-8809E3089B39}"
EndProject
Global
	GlobalSection(SolutionConfigurationPlatforms) = preSolution
		Debug|Any CPU = Debug|Any CPU
		Release|Any CPU = Release|Any CPU
	EndGlobalSection
	GlobalSection(ProjectConfigurationPlatforms) = postSolution
		{1B5B0AF8-1588-47D7-A1F9-8809E3089B39}.Debug|Any CPU.ActiveCfg = Debug|Any CPU
		{1B5B0AF8-1588-47D7-A1F9-8809E3089B39}.Debug|Any CPU.Build.0 = Debug|Any CPU
		{1B5B0AF8-1588-47D7-A1F9-8809E3089B39}.Release|Any CPU.ActiveCfg = Release|Any CPU
		{1B5B0AF8-1588-47D7-A1F9-8809E3089B39}.Release|Any CPU.Build.0 = Release|Any CPU
	EndGlobalSection
	GlobalSection(SolutionProperties) = preSolution
		HideSolutionNode = FALSE
	EndGlobalSection
	GlobalSection(ExtensibilityGlobals) = postSolution
		SolutionGuid = {C83F6D93-8944-439A-965A-7EBB2C547654}
	EndGlobalSection
EndGlobal
