
Microsoft Visual Studio Solution File, Format Version 12.00
# Visual Studio Version 16
VisualStudioVersion = 16.0.30104.148
MinimumVisualStudioVersion = 10.0.40219.1
Project("{FAE04EC0-301F-11D3-BF4B-00C04F79EFBC}") = "MijnReizen.Wpf", "MijnReizen.Wpf\MijnReizen.Wpf.csproj", "{849E0816-B0F4-46EB-B045-333DEB85D60C}"
EndProject
Project("{FAE04EC0-301F-11D3-BF4B-00C04F79EFBC}") = "MijnReizen.BLL", "MijnReizen.DLL\MijnReizen.BLL.csproj", "{59796D0C-7E6E-46AD-85C0-B62E9B82440E}"
EndProject
Global
	GlobalSection(SolutionConfigurationPlatforms) = preSolution
		Debug|Any CPU = Debug|Any CPU
		Release|Any CPU = Release|Any CPU
	EndGlobalSection
	GlobalSection(ProjectConfigurationPlatforms) = postSolution
		{849E0816-B0F4-46EB-B045-333DEB85D60C}.Debug|Any CPU.ActiveCfg = Debug|Any CPU
		{849E0816-B0F4-46EB-B045-333DEB85D60C}.Debug|Any CPU.Build.0 = Debug|Any CPU
		{849E0816-B0F4-46EB-B045-333DEB85D60C}.Release|Any CPU.ActiveCfg = Release|Any CPU
		{849E0816-B0F4-46EB-B045-333DEB85D60C}.Release|Any CPU.Build.0 = Release|Any CPU
		{59796D0C-7E6E-46AD-85C0-B62E9B82440E}.Debug|Any CPU.ActiveCfg = Debug|Any CPU
		{59796D0C-7E6E-46AD-85C0-B62E9B82440E}.Debug|Any CPU.Build.0 = Debug|Any CPU
		{59796D0C-7E6E-46AD-85C0-B62E9B82440E}.Release|Any CPU.ActiveCfg = Release|Any CPU
		{59796D0C-7E6E-46AD-85C0-B62E9B82440E}.Release|Any CPU.Build.0 = Release|Any CPU
	EndGlobalSection
	GlobalSection(SolutionProperties) = preSolution
		HideSolutionNode = FALSE
	EndGlobalSection
	GlobalSection(ExtensibilityGlobals) = postSolution
		SolutionGuid = {9323BC49-D387-455F-8508-183518E7BC66}
	EndGlobalSection
EndGlobal
